
Microsoft Visual Studio Solution File, Format Version 12.00
Project("{FAE04EC0-301F-11D3-BF4B-00C04F79EFBC}") = "TravelSurveyApp.API", "TravelSurveyApp.API\TravelSurveyApp.API.csproj", "{A7D684C7-A80B-46CB-B482-FC5AD9FA8AAC}"
EndProject
Project("{FAE04EC0-301F-11D3-BF4B-00C04F79EFBC}") = "TravelSurveyApp.Shared", "TravelSurveyApp.Shared\TravelSurveyApp.Shared.csproj", "{A0885EBF-0BB8-4749-9F9D-273DA4229A8B}"
EndProject
Project("{FAE04EC0-301F-11D3-BF4B-00C04F79EFBC}") = "TravelSurveyApp.Data", "TravelSurveyApp.Data\TravelSurveyApp.Data.csproj", "{E5200E20-E52E-4478-A4E7-6C989094BAA7}"
EndProject
Project("{FAE04EC0-301F-11D3-BF4B-00C04F79EFBC}") = "TravelSurveyApp.Core", "TravelSurveyApp.Core\TravelSurveyApp.Core.csproj", "{5569A774-09EB-4E27-B645-37920C9855A6}"
EndProject
Project("{FAE04EC0-301F-11D3-BF4B-00C04F79EFBC}") = "TravelSurveyApp.Client", "TravelSurveyApp.Client\TravelSurveyApp.Client.csproj", "{056B3442-6E72-4243-91C5-BFCB5058AF6D}"
EndProject
Global
	GlobalSection(SolutionConfigurationPlatforms) = preSolution
		Debug|Any CPU = Debug|Any CPU
		Release|Any CPU = Release|Any CPU
	EndGlobalSection
	GlobalSection(ProjectConfigurationPlatforms) = postSolution
		{A7D684C7-A80B-46CB-B482-FC5AD9FA8AAC}.Debug|Any CPU.ActiveCfg = Debug|Any CPU
		{A7D684C7-A80B-46CB-B482-FC5AD9FA8AAC}.Debug|Any CPU.Build.0 = Debug|Any CPU
		{A7D684C7-A80B-46CB-B482-FC5AD9FA8AAC}.Release|Any CPU.ActiveCfg = Release|Any CPU
		{A7D684C7-A80B-46CB-B482-FC5AD9FA8AAC}.Release|Any CPU.Build.0 = Release|Any CPU
		{A0885EBF-0BB8-4749-9F9D-273DA4229A8B}.Debug|Any CPU.ActiveCfg = Debug|Any CPU
		{A0885EBF-0BB8-4749-9F9D-273DA4229A8B}.Debug|Any CPU.Build.0 = Debug|Any CPU
		{A0885EBF-0BB8-4749-9F9D-273DA4229A8B}.Release|Any CPU.ActiveCfg = Release|Any CPU
		{A0885EBF-0BB8-4749-9F9D-273DA4229A8B}.Release|Any CPU.Build.0 = Release|Any CPU
		{E5200E20-E52E-4478-A4E7-6C989094BAA7}.Debug|Any CPU.ActiveCfg = Debug|Any CPU
		{E5200E20-E52E-4478-A4E7-6C989094BAA7}.Debug|Any CPU.Build.0 = Debug|Any CPU
		{E5200E20-E52E-4478-A4E7-6C989094BAA7}.Release|Any CPU.ActiveCfg = Release|Any CPU
		{E5200E20-E52E-4478-A4E7-6C989094BAA7}.Release|Any CPU.Build.0 = Release|Any CPU
		{5569A774-09EB-4E27-B645-37920C9855A6}.Debug|Any CPU.ActiveCfg = Debug|Any CPU
		{5569A774-09EB-4E27-B645-37920C9855A6}.Debug|Any CPU.Build.0 = Debug|Any CPU
		{5569A774-09EB-4E27-B645-37920C9855A6}.Release|Any CPU.ActiveCfg = Release|Any CPU
		{5569A774-09EB-4E27-B645-37920C9855A6}.Release|Any CPU.Build.0 = Release|Any CPU
		{056B3442-6E72-4243-91C5-BFCB5058AF6D}.Debug|Any CPU.ActiveCfg = Debug|Any CPU
		{056B3442-6E72-4243-91C5-BFCB5058AF6D}.Debug|Any CPU.Build.0 = Debug|Any CPU
		{056B3442-6E72-4243-91C5-BFCB5058AF6D}.Release|Any CPU.ActiveCfg = Release|Any CPU
		{056B3442-6E72-4243-91C5-BFCB5058AF6D}.Release|Any CPU.Build.0 = Release|Any CPU
	EndGlobalSection
EndGlobal
